
Microsoft Visual Studio Solution File, Format Version 12.00
# Visual Studio Version 17
VisualStudioVersion = 17.4.33213.308
MinimumVisualStudioVersion = 10.0.40219.1
Project("{9A19103F-16F7-4668-BE54-9A1E7A4F7556}") = "Week9-Lists", "Week9-Lists\Week9-Lists.csproj", "{E5E2745C-8AF5-4277-9226-CA301451AE38}"
EndProject
Project("{FAE04EC0-301F-11D3-BF4B-00C04F79EFBC}") = "Test", "Test\Test.csproj", "{3500A99E-63A2-4459-BE11-8E2BF08250C4}"
EndProject
Global
	GlobalSection(SolutionConfigurationPlatforms) = preSolution
		Debug|Any CPU = Debug|Any CPU
		Release|Any CPU = Release|Any CPU
	EndGlobalSection
	GlobalSection(ProjectConfigurationPlatforms) = postSolution
		{E5E2745C-8AF5-4277-9226-CA301451AE38}.Debug|Any CPU.ActiveCfg = Debug|Any CPU
		{E5E2745C-8AF5-4277-9226-CA301451AE38}.Debug|Any CPU.Build.0 = Debug|Any CPU
		{E5E2745C-8AF5-4277-9226-CA301451AE38}.Release|Any CPU.ActiveCfg = Release|Any CPU
		{E5E2745C-8AF5-4277-9226-CA301451AE38}.Release|Any CPU.Build.0 = Release|Any CPU
		{3500A99E-63A2-4459-BE11-8E2BF08250C4}.Debug|Any CPU.ActiveCfg = Debug|Any CPU
		{3500A99E-63A2-4459-BE11-8E2BF08250C4}.Debug|Any CPU.Build.0 = Debug|Any CPU
		{3500A99E-63A2-4459-BE11-8E2BF08250C4}.Release|Any CPU.ActiveCfg = Release|Any CPU
		{3500A99E-63A2-4459-BE11-8E2BF08250C4}.Release|Any CPU.Build.0 = Release|Any CPU
	EndGlobalSection
	GlobalSection(SolutionProperties) = preSolution
		HideSolutionNode = FALSE
	EndGlobalSection
	GlobalSection(ExtensibilityGlobals) = postSolution
		SolutionGuid = {24B507A5-267F-4FD7-964E-5EA989C1F3BE}
	EndGlobalSection
EndGlobal
